Microsoft Visual Studio Solution File, Format Version 12.00
# Visual Studio Version 17
VisualStudioVersion = 17.14.35906.104
MinimumVisualStudioVersion = 10.0.40219.1
Project("{FAE04EC0-301F-11D3-BF4B-00C04F79EFBC}") = "TestApp", "TestApp\TestApp.csproj", "{07B8DE01-7BA0-4D64-B45A-D3177B8CFAF9}"
EndProject
Global
	GlobalSection(SolutionConfigurationPlatforms) = preSolution
		Debug|Any CPU = Debug|Any CPU
		Release|Any CPU = Release|Any CPU
	EndGlobalSection
	GlobalSection(ProjectConfigurationPlatforms) = postSolution
		{07B8DE01-7BA0-4D64-B45A-D3177B8CFAF9}.Debug|Any CPU.ActiveCfg = Debug|Any CPU
		{07B8DE01-7BA0-4D64-B45A-D3177B8CFAF9}.Debug|Any CPU.Build.0 = Debug|Any CPU
		{07B8DE01-7BA0-4D64-B45A-D3177B8CFAF9}.Release|Any CPU.ActiveCfg = Release|Any CPU
		{07B8DE01-7BA0-4D64-B45A-D3177B8CFAF9}.Release|Any CPU.Build.0 = Release|Any CPU
	EndGlobalSection
	GlobalSection(SolutionProperties) = preSolution
		HideSolutionNode = FALSE
	EndGlobalSection
	GlobalSection(ExtensibilityGlobals) = postSolution
		SolutionGuid = {29DA2448-FD0B-4276-B053-1E2EFF384ED3}
	EndGlobalSection
EndGlobal
